<?xml version="1.0" encoding="utf-8"?>
<Project ToolsVersion="4.0" xmlns="http://schemas.microsoft.com/developer/msbuild/2003">
  <ItemGroup>
    <Filter Include="Source Files">
      <UniqueIdentifier>{4FC737F1-C7A5-4376-A066-2A32D752A2FF}</UniqueIdentifier>
      <Extensions>cpp;c;cc;cxx;c++;cppm;ixx;def;odl;idl;hpj;bat;asm;asmx</Extensions>
    </Filter>
    <Filter Include="Header Files">
      <UniqueIdentifier>{93995380-89BD-4b04-88EB-625FBE52EBFB}</UniqueIdentifier>
      <Extensions>h;hh;hpp;hxx;h++;hm;inl;inc;ipp;xsd</Extensions>
    </Filter>
    <Filter Include="Resource Files">
      <UniqueIdentifier>{67DA6AB6-F800-4c08-8B7A-83BB121AAD01}</UniqueIdentifier>
      <Extensions>rc;ico;cur;bmp;dlg;rc2;rct;bin;rgs;gif;jpg;jpeg;jpe;resx;tiff;tif;png;wav;mfcribbon-ms</Extensions>
    </Filter>
    <Filter Include="Source Files\src">
      <UniqueIdentifier>{191edf71-dd9a-4297-b09c-83f8eb211d28}</UniqueIdentifier>
    </Filter>
    <Filter Include="Source Files\lib">
      <UniqueIdentifier>{c10c5d7a-5160-49a9-8be5-0f1a39440df7}</UniqueIdentifier>
    </Filter>
    <Filter Include="Header Files\lib">
      <UniqueIdentifier>{7b5f6eb0-4dac-4901-9167-881d204780d8}</UniqueIdentifier>
    </Filter>
    <Filter Include="Header Files\src">
      <UniqueIdentifier>{91879014-1c62-4fb0-b19b-e19a0a3c4bb2}</UniqueIdentifier>
    </Filter>
  </ItemGroup>
  <ItemGroup>
    <ClCompile Include="Main.cpp">
      <Filter>Source Files\src</Filter>
    </ClCompile>
    <ClCompile Include="animal.cpp">
      <Filter>Source Files\src</Filter>
    </ClCompile>
    <ClCompile Include="util.cpp">
      <Filter>Source Files\lib</Filter>
    </ClCompile>
    <ClCompile Include="utilitaire_affichage.cpp">
      <Filter>Source Files\lib</Filter>
    </ClCompile>
    <ClCompile Include="winBGIm.cpp">
      <Filter>Source Files\lib</Filter>
    </ClCompile>
    <ClCompile Include="ocean.cpp">
      <Filter>Source Files\src</Filter>
    </ClCompile>
    <ClCompile Include="requin.cpp">
      <Filter>Source Files\src</Filter>
    </ClCompile>
    <ClCompile Include="poisson.cpp">
      <Filter>Source Files\src</Filter>
    </ClCompile>
    <ClCompile Include="Liste.cpp">
      <Filter>Source Files\src</Filter>
    </ClCompile>
  </ItemGroup>
  <ItemGroup>
    <ClInclude Include="util.h">
      <Filter>Header Files\lib</Filter>
    </ClInclude>
    <ClInclude Include="utilitaire_affichage.h">
      <Filter>Header Files\lib</Filter>
    </ClInclude>
    <ClInclude Include="winBGIm.h">
      <Filter>Header Files\lib</Filter>
    </ClInclude>
    <ClInclude Include="animal.h">
      <Filter>Header Files\src</Filter>
    </ClInclude>
    <ClInclude Include="ocean.h">
      <Filter>Header Files\src</Filter>
    </ClInclude>
    <ClInclude Include="requin.h">
      <Filter>Header Files\src</Filter>
    </ClInclude>
    <ClInclude Include="poisson.h">
      <Filter>Header Files\src</Filter>
    </ClInclude>
    <ClInclude Include="Liste.h">
      <Filter>Header Files\src</Filter>
    </ClInclude>
    <ClInclude Include="main.h">
      <Filter>Header Files\src</Filter>
    </ClInclude>
    <ClInclude Include="SimParam.h">
      <Filter>Header Files\src</Filter>
    </ClInclude>
  </ItemGroup>
</Project>